
Microsoft Visual Studio Solution File, Format Version 12.00
# Visual Studio Version 16
VisualStudioVersion = 16.0.31702.278
MinimumVisualStudioVersion = 10.0.40219.1
Project("{FAE04EC0-301F-11D3-BF4B-00C04F79EFBC}") = "HW1", "HW1.csproj", "{DDF41812-0163-47CE-B80F-537AD6985D0A}"
EndProject
Global
	GlobalSection(SolutionConfigurationPlatforms) = preSolution
		Debug|Any CPU = Debug|Any CPU
		Release|Any CPU = Release|Any CPU
	EndGlobalSection
	GlobalSection(ProjectConfigurationPlatforms) = postSolution
		{DDF41812-0163-47CE-B80F-537AD6985D0A}.Debug|Any CPU.ActiveCfg = Debug|Any CPU
		{DDF41812-0163-47CE-B80F-537AD6985D0A}.Debug|Any CPU.Build.0 = Debug|Any CPU
		{DDF41812-0163-47CE-B80F-537AD6985D0A}.Release|Any CPU.ActiveCfg = Release|Any CPU
		{DDF41812-0163-47CE-B80F-537AD6985D0A}.Release|Any CPU.Build.0 = Release|Any CPU
	EndGlobalSection
	GlobalSection(SolutionProperties) = preSolution
		HideSolutionNode = FALSE
	EndGlobalSection
	GlobalSection(ExtensibilityGlobals) = postSolution
		SolutionGuid = {962EA5E8-79EE-4073-9519-9C534FCCFAC9}
	EndGlobalSection
EndGlobal
